{
  "name": "Web-Development",
  "lockfileVersion": 3,
  "requires": true,
  "packages": {
    "": {
      "dependencies": {
        "sortable-tables": "^1.1.2"
      }
    },
    "node_modules/sortable-tables": {
      "version": "1.1.2",
      "resolved": "https://registry.npmjs.org/sortable-tables/-/sortable-tables-1.1.2.tgz",
      "integrity": "sha512-czOvtlDMlq7pVlcedWuKhoYu+fPlfmzoy9ntaImsAA+v7EIhiIP+KDeL6BUJKtvP2BduI4YJSLv7iNW7dhlRZA=="
    }
  }
}
